{
    "version": 3,
    "terraform_version": "0.11.3",
    "serial": 14,
    "lineage": "294f4c58-3ca4-454f-bc52-9175645fc113",
    "modules": [
        {
            "path": [
                "root"
            ],
            "outputs": {
                "elb_dns_name": {
                    "sensitive": false,
                    "type": "string",
                    "value": "terraform-elb-1004977201.us-east-1.elb.amazonaws.com"
                },
                "elb_dns_zone_id": {
                    "sensitive": false,
                    "type": "string",
                    "value": "Z35SXDOTRQ7X7K"
                }
            },
            "resources": {
                "aws_autoscaling_group.agterrafrom": {
                    "type": "aws_autoscaling_group",
                    "depends_on": [
                        "aws_elb.elbterraform",
                        "aws_launch_configuration.lcterraform",
                        "data.aws_availability_zones.all"
                    ],
                    "primary": {
                        "id": "tf-asg-20180207231435550200000002",
                        "attributes": {
                            "arn": "arn:aws:autoscaling:us-east-1:772754607105:autoScalingGroup:9da671da-3d62-45be-97a9-f2902ba26278:autoScalingGroupName/tf-asg-20180207231435550200000002",
                            "availability_zones.#": "6",
                            "availability_zones.1252502072": "us-east-1f",
                            "availability_zones.1305112097": "us-east-1b",
                            "availability_zones.2762590996": "us-east-1d",
                            "availability_zones.3551460226": "us-east-1e",
                            "availability_zones.3569565595": "us-east-1a",
                            "availability_zones.986537655": "us-east-1c",
                            "default_cooldown": "300",
                            "desired_capacity": "2",
                            "force_delete": "false",
                            "health_check_grace_period": "300",
                            "health_check_type": "ELB",
                            "id": "tf-asg-20180207231435550200000002",
                            "launch_configuration": "terraform-20180207232703081900000001",
                            "load_balancers.#": "1",
                            "load_balancers.3768627209": "terraform-elb",
                            "max_size": "5",
                            "metrics_granularity": "1Minute",
                            "min_size": "2",
                            "name": "tf-asg-20180207231435550200000002",
                            "placement_group": "",
                            "protect_from_scale_in": "false",
                            "suspended_processes.#": "0",
                            "tag.#": "1",
                            "tag.1644766567.key": "Name",
                            "tag.1644766567.propagate_at_launch": "true",
                            "tag.1644766567.value": "terraformautoscaling",
                            "target_group_arns.#": "0",
                            "termination_policies.#": "0",
                            "vpc_zone_identifier.#": "0",
                            "wait_for_capacity_timeout": "10m"
                        },
                        "meta": {
                            "e2bfb730-ecaa-11e6-8f88-34363bc7c4c0": {
                                "delete": 600000000000
                            }
                        },
                        "tainted": false
                    },
                    "deposed": [],
                    "provider": "provider.aws"
                },
                "aws_elb.elbterraform": {
                    "type": "aws_elb",
                    "depends_on": [
                        "aws_security_group.sgelbterraform",
                        "data.aws_availability_zones.all"
                    ],
                    "primary": {
                        "id": "terraform-elb",
                        "attributes": {
                            "access_logs.#": "0",
                            "arn": "arn:aws:elasticloadbalancing:us-east-1:772754607105:loadbalancer/terraform-elb",
                            "availability_zones.#": "6",
                            "availability_zones.1252502072": "us-east-1f",
                            "availability_zones.1305112097": "us-east-1b",
                            "availability_zones.2762590996": "us-east-1d",
                            "availability_zones.3551460226": "us-east-1e",
                            "availability_zones.3569565595": "us-east-1a",
                            "availability_zones.986537655": "us-east-1c",
                            "connection_draining": "false",
                            "connection_draining_timeout": "300",
                            "cross_zone_load_balancing": "true",
                            "dns_name": "terraform-elb-1004977201.us-east-1.elb.amazonaws.com",
                            "health_check.#": "1",
                            "health_check.0.healthy_threshold": "2",
                            "health_check.0.interval": "30",
                            "health_check.0.target": "HTTPS:443/index.html",
                            "health_check.0.timeout": "3",
                            "health_check.0.unhealthy_threshold": "10",
                            "id": "terraform-elb",
                            "idle_timeout": "60",
                            "instances.#": "2",
                            "instances.3827558524": "i-0e9790afcae831a8d",
                            "instances.4086874023": "i-03619fb6d9d3bd6e8",
                            "internal": "false",
                            "listener.#": "2",
                            "listener.2184308462.instance_port": "443",
                            "listener.2184308462.instance_protocol": "https",
                            "listener.2184308462.lb_port": "443",
                            "listener.2184308462.lb_protocol": "https",
                            "listener.2184308462.ssl_certificate_id": "arn:aws:acm:us-east-1:772754607105:certificate/614e5943-59fd-4d44-9cb9-e1c678de7ecc",
                            "listener.3057123346.instance_port": "80",
                            "listener.3057123346.instance_protocol": "http",
                            "listener.3057123346.lb_port": "80",
                            "listener.3057123346.lb_protocol": "http",
                            "listener.3057123346.ssl_certificate_id": "",
                            "name": "terraform-elb",
                            "security_groups.#": "1",
                            "security_groups.1529924638": "sg-890296fe",
                            "source_security_group": "772754607105/terraform-sg-elb",
                            "source_security_group_id": "sg-890296fe",
                            "subnets.#": "6",
                            "subnets.2761654559": "subnet-8854c6ec",
                            "subnets.2830605377": "subnet-33ff480c",
                            "subnets.302364981": "subnet-5d8e7700",
                            "subnets.3968764466": "subnet-b1b3779e",
                            "subnets.4104939284": "subnet-0c7a7e00",
                            "subnets.65126905": "subnet-b50284fe",
                            "tags.%": "0",
                            "zone_id": "Z35SXDOTRQ7X7K"
                        },
                        "meta": {},
                        "tainted": false
                    },
                    "deposed": [],
                    "provider": "provider.aws"
                },
                "aws_launch_configuration.lcterraform": {
                    "type": "aws_launch_configuration",
                    "depends_on": [],
                    "primary": {
                        "id": "terraform-20180207232703081900000001",
                        "attributes": {
                            "associate_public_ip_address": "false",
                            "ebs_block_device.#": "0",
                            "ebs_optimized": "false",
                            "enable_monitoring": "true",
                            "ephemeral_block_device.#": "0",
                            "iam_instance_profile": "",
                            "id": "terraform-20180207232703081900000001",
                            "image_id": "ami-428aa838",
                            "instance_type": "t2.micro",
                            "key_name": "",
                            "name": "terraform-20180207232703081900000001",
                            "root_block_device.#": "1",
                            "root_block_device.0.delete_on_termination": "true",
                            "root_block_device.0.iops": "0",
                            "root_block_device.0.volume_size": "8",
                            "root_block_device.0.volume_type": "gp2",
                            "security_groups.#": "1",
                            "security_groups.4229075191": "sg-a40397d3",
                            "spot_price": "",
                            "user_data": "fa476870ec82859b435e1c3248e4cbffe5f1722f",
                            "vpc_classic_link_id": "",
                            "vpc_classic_link_security_groups.#": "0"
                        },
                        "meta": {},
                        "tainted": false
                    },
                    "deposed": [],
                    "provider": "provider.aws"
                },
                "aws_security_group.sgelbterraform": {
                    "type": "aws_security_group",
                    "depends_on": [],
                    "primary": {
                        "id": "sg-890296fe",
                        "attributes": {
                            "description": "Managed by Terraform",
                            "egress.#": "1",
                            "egress.482069346.cidr_blocks.#": "1",
                            "egress.482069346.cidr_blocks.0": "0.0.0.0/0",
                            "egress.482069346.description": "",
                            "egress.482069346.from_port": "0",
                            "egress.482069346.ipv6_cidr_blocks.#": "0",
                            "egress.482069346.prefix_list_ids.#": "0",
                            "egress.482069346.protocol": "-1",
                            "egress.482069346.security_groups.#": "0",
                            "egress.482069346.self": "false",
                            "egress.482069346.to_port": "0",
                            "id": "sg-890296fe",
                            "ingress.#": "2",
                            "ingress.2214680975.cidr_blocks.#": "1",
                            "ingress.2214680975.cidr_blocks.0": "0.0.0.0/0",
                            "ingress.2214680975.description": "",
                            "ingress.2214680975.from_port": "80",
                            "ingress.2214680975.ipv6_cidr_blocks.#": "0",
                            "ingress.2214680975.protocol": "tcp",
                            "ingress.2214680975.security_groups.#": "0",
                            "ingress.2214680975.self": "false",
                            "ingress.2214680975.to_port": "80",
                            "ingress.2617001939.cidr_blocks.#": "1",
                            "ingress.2617001939.cidr_blocks.0": "0.0.0.0/0",
                            "ingress.2617001939.description": "",
                            "ingress.2617001939.from_port": "443",
                            "ingress.2617001939.ipv6_cidr_blocks.#": "0",
                            "ingress.2617001939.protocol": "tcp",
                            "ingress.2617001939.security_groups.#": "0",
                            "ingress.2617001939.self": "false",
                            "ingress.2617001939.to_port": "443",
                            "name": "terraform-sg-elb",
                            "owner_id": "772754607105",
                            "revoke_rules_on_delete": "false",
                            "tags.%": "0",
                            "vpc_id": "vpc-3c2b9044"
                        },
                        "meta": {
                            "schema_version": "1"
                        },
                        "tainted": false
                    },
                    "deposed": [],
                    "provider": "provider.aws"
                },
                "aws_security_group.sgterraform": {
                    "type": "aws_security_group",
                    "depends_on": [],
                    "primary": {
                        "id": "sg-a40397d3",
                        "attributes": {
                            "description": "Managed by Terraform",
                            "egress.#": "1",
                            "egress.1420183571.cidr_blocks.#": "1",
                            "egress.1420183571.cidr_blocks.0": "0.0.0.0/0",
                            "egress.1420183571.description": "",
                            "egress.1420183571.from_port": "0",
                            "egress.1420183571.ipv6_cidr_blocks.#": "0",
                            "egress.1420183571.prefix_list_ids.#": "0",
                            "egress.1420183571.protocol": "tcp",
                            "egress.1420183571.security_groups.#": "0",
                            "egress.1420183571.self": "false",
                            "egress.1420183571.to_port": "1000",
                            "id": "sg-a40397d3",
                            "ingress.#": "3",
                            "ingress.2214680975.cidr_blocks.#": "1",
                            "ingress.2214680975.cidr_blocks.0": "0.0.0.0/0",
                            "ingress.2214680975.description": "",
                            "ingress.2214680975.from_port": "80",
                            "ingress.2214680975.ipv6_cidr_blocks.#": "0",
                            "ingress.2214680975.protocol": "tcp",
                            "ingress.2214680975.security_groups.#": "0",
                            "ingress.2214680975.self": "false",
                            "ingress.2214680975.to_port": "80",
                            "ingress.2541437006.cidr_blocks.#": "1",
                            "ingress.2541437006.cidr_blocks.0": "0.0.0.0/0",
                            "ingress.2541437006.description": "",
                            "ingress.2541437006.from_port": "22",
                            "ingress.2541437006.ipv6_cidr_blocks.#": "0",
                            "ingress.2541437006.protocol": "tcp",
                            "ingress.2541437006.security_groups.#": "0",
                            "ingress.2541437006.self": "false",
                            "ingress.2541437006.to_port": "22",
                            "ingress.2617001939.cidr_blocks.#": "1",
                            "ingress.2617001939.cidr_blocks.0": "0.0.0.0/0",
                            "ingress.2617001939.description": "",
                            "ingress.2617001939.from_port": "443",
                            "ingress.2617001939.ipv6_cidr_blocks.#": "0",
                            "ingress.2617001939.protocol": "tcp",
                            "ingress.2617001939.security_groups.#": "0",
                            "ingress.2617001939.self": "false",
                            "ingress.2617001939.to_port": "443",
                            "name": "tfrm-sg-clstr",
                            "owner_id": "772754607105",
                            "revoke_rules_on_delete": "false",
                            "tags.%": "0",
                            "vpc_id": "vpc-3c2b9044"
                        },
                        "meta": {
                            "schema_version": "1"
                        },
                        "tainted": false
                    },
                    "deposed": [],
                    "provider": "provider.aws"
                },
                "data.aws_availability_zones.all": {
                    "type": "aws_availability_zones",
                    "depends_on": [],
                    "primary": {
                        "id": "2018-02-07 23:30:39.3927625 +0000 UTC",
                        "attributes": {
                            "id": "2018-02-07 23:30:39.3927625 +0000 UTC",
                            "names.#": "6",
                            "names.0": "us-east-1a",
                            "names.1": "us-east-1b",
                            "names.2": "us-east-1c",
                            "names.3": "us-east-1d",
                            "names.4": "us-east-1e",
                            "names.5": "us-east-1f"
                        },
                        "meta": {},
                        "tainted": false
                    },
                    "deposed": [],
                    "provider": "provider.aws"
                }
            },
            "depends_on": []
        }
    ]
}
